// !$*UTF8*$!
{
	archiveVersion = 1;
	classes = {
	};
	objectVersion = 46;
	objects = {

/* Begin PBXBuildFile section */
		3CF51A741CC1BF3A00D70AB0 /* main.m in Sources */ = {isa = PBXBuildFile; fileRef = 3CF51A731CC1BF3A00D70AB0 /* main.m */; };
		3CF51A771CC1BF3A00D70AB0 /* AppDelegate.m in Sources */ = {isa = PBXBuildFile; fileRef = 3CF51A761CC1BF3A00D70AB0 /* AppDelegate.m */; };
		3CF51A7A1CC1BF3A00D70AB0 /* ViewController.m in Sources */ = {isa = PBXBuildFile; fileRef = 3CF51A791CC1BF3A00D70AB0 /* ViewController.m */; };
		3CF51A7D1CC1BF3A00D70AB0 /* Main.storyboard in Resources */ = {isa = PBXBuildFile; fileRef = 3CF51A7B1CC1BF3A00D70AB0 /* Main.storyboard */; };
		3CF51A7F1CC1BF3A00D70AB0 /* Assets.xcassets in Resources */ = {isa = PBXBuildFile; fileRef = 3CF51A7E1CC1BF3A00D70AB0 /* Assets.xcassets */; };
		3CF51A821CC1BF3A00D70AB0 /* LaunchScreen.storyboard in Resources */ = {isa = PBXBuildFile; fileRef = 3CF51A801CC1BF3A00D70AB0 /* LaunchScreen.storyboard */; };
		3CF51A8D1CC1BF3B00D70AB0 /* MRStatusBarHUDExampleTests.m in Sources */ = {isa = PBXBuildFile; fileRef = 3CF51A8C1CC1BF3B00D70AB0 /* MRStatusBarHUDExampleTests.m */; };
		3CF51A981CC1BF3B00D70AB0 /* MRStatusBarHUDExampleUITests.m in Sources */ = {isa = PBXBuildFile; fileRef = 3CF51A971CC1BF3B00D70AB0 /* MRStatusBarHUDExampleUITests.m */; };
		3CF51AA91CC1BF5700D70AB0 /* MRStatusBarHUD.bundle in Resources */ = {isa = PBXBuildFile; fileRef = 3CF51AA61CC1BF5700D70AB0 /* MRStatusBarHUD.bundle */; };
		3CF51AAA1CC1BF5700D70AB0 /* MRStatusBarHUD.m in Sources */ = {isa = PBXBuildFile; fileRef = 3CF51AA81CC1BF5700D70AB0 /* MRStatusBarHUD.m */; };
/* End PBXBuildFile section */

/* Begin PBXContainerItemProxy section */
		3CF51A891CC1BF3B00D70AB0 /* PBXContainerItemProxy */ = {
			isa = PBXContainerItemProxy;
			containerPortal = 3CF51A671CC1BF3A00D70AB0 /* Project object */;
			proxyType = 1;
			remoteGlobalIDString = 3CF51A6E1CC1BF3A00D70AB0;
			remoteInfo = MRStatusBarHUDExample;
		};
		3CF51A941CC1BF3B00D70AB0 /* PBXContainerItemProxy */ = {
			isa = PBXContainerItemProxy;
			containerPortal = 3CF51A671CC1BF3A00D70AB0 /* Project object */;
			proxyType = 1;
			remoteGlobalIDString = 3CF51A6E1CC1BF3A00D70AB0;
			remoteInfo = MRStatusBarHUDExample;
		};
/* End PBXContainerItemProxy section */

/* Begin PBXFileReference section */
		3CF51A6F1CC1BF3A00D70AB0 /* MRStatusBarHUDExample.app */ = {isa = PBXFileReference; explicitFileType = wrapper.application; includeInIndex = 0; path = MRStatusBarHUDExample.app; sourceTree = BUILT_PRODUCTS_DIR; };
		3CF51A731CC1BF3A00D70AB0 /* main.m */ = {isa = PBXFileReference; lastKnownFileType = sourcecode.c.objc; path = main.m; sourceTree = "<group>"; };
		3CF51A751CC1BF3A00D70AB0 /* AppDelegate.h */ = {isa = PBXFileReference; lastKnownFileType = sourcecode.c.h; path = AppDelegate.h; sourceTree = "<group>"; };
		3CF51A761CC1BF3A00D70AB0 /* AppDelegate.m */ = {isa = PBXFileReference; lastKnownFileType = sourcecode.c.objc; path = AppDelegate.m; sourceTree = "<group>"; };
		3CF51A781CC1BF3A00D70AB0 /* ViewController.h */ = {isa = PBXFileReference; lastKnownFileType = sourcecode.c.h; path = ViewController.h; sourceTree = "<group>"; };
		3CF51A791CC1BF3A00D70AB0 /* ViewController.m */ = {isa = PBXFileReference; lastKnownFileType = sourcecode.c.objc; path = ViewController.m; sourceTree = "<group>"; };
		3CF51A7C1CC1BF3A00D70AB0 /* Base */ = {isa = PBXFileReference; lastKnownFileType = file.storyboard; name = Base; path = Base.lproj/Main.storyboard; sourceTree = "<group>"; };
		3CF51A7E1CC1BF3A00D70AB0 /* Assets.xcassets */ = {isa = PBXFileReference; lastKnownFileType = folder.assetcatalog; path = Assets.xcassets; sourceTree = "<group>"; };
		3CF51A811CC1BF3A00D70AB0 /* Base */ = {isa = PBXFileReference; lastKnownFileType = file.storyboard; name = Base; path = Base.lproj/LaunchScreen.storyboard; sourceTree = "<group>"; };
		3CF51A831CC1BF3A00D70AB0 /* Info.plist */ = {isa = PBXFileReference; lastKnownFileType = text.plist.xml; path = Info.plist; sourceTree = "<group>"; };
		3CF51A881CC1BF3B00D70AB0 /* MRStatusBarHUDExampleTests.xctest */ = {isa = PBXFileReference; explicitFileType = wrapper.cfbundle; includeInIndex = 0; path = MRStatusBarHUDExampleTests.xctest; sourceTree = BUILT_PRODUCTS_DIR; };
		3CF51A8C1CC1BF3B00D70AB0 /* MRStatusBarHUDExampleTests.m */ = {isa = PBXFileReference; lastKnownFileType = sourcecode.c.objc; path = MRStatusBarHUDExampleTests.m; sourceTree = "<group>"; };
		3CF51A8E1CC1BF3B00D70AB0 /* Info.plist */ = {isa = PBXFileReference; lastKnownFileType = text.plist.xml; path = Info.plist; sourceTree = "<group>"; };
		3CF51A931CC1BF3B00D70AB0 /* MRStatusBarHUDExampleUITests.xctest */ = {isa = PBXFileReference; explicitFileType = wrapper.cfbundle; includeInIndex = 0; path = MRStatusBarHUDExampleUITests.xctest; sourceTree = BUILT_PRODUCTS_DIR; };
		3CF51A971CC1BF3B00D70AB0 /* MRStatusBarHUDExampleUITests.m */ = {isa = PBXFileReference; lastKnownFileType = sourcecode.c.objc; path = MRStatusBarHUDExampleUITests.m; sourceTree = "<group>"; };
		3CF51A991CC1BF3B00D70AB0 /* Info.plist */ = {isa = PBXFileReference; lastKnownFileType = text.plist.xml; path = Info.plist; sourceTree = "<group>"; };
		3CF51AA61CC1BF5700D70AB0 /* MRStatusBarHUD.bundle */ = {isa = PBXFileReference; lastKnownFileType = "wrapper.plug-in"; path = MRStatusBarHUD.bundle; sourceTree = "<group>"; };
		3CF51AA71CC1BF5700D70AB0 /* MRStatusBarHUD.h */ = {isa = PBXFileReference; fileEncoding = 4; lastKnownFileType = sourcecode.c.h; path = MRStatusBarHUD.h; sourceTree = "<group>"; };
		3CF51AA81CC1BF5700D70AB0 /* MRStatusBarHUD.m */ = {isa = PBXFileReference; fileEncoding = 4; lastKnownFileType = sourcecode.c.objc; path = MRStatusBarHUD.m; sourceTree = "<group>"; };
/* End PBXFileReference section */

/* Begin PBXFrameworksBuildPhase section */
		3CF51A6C1CC1BF3A00D70AB0 /* Frameworks */ = {
			isa = PBXFrameworksBuildPhase;
			buildActionMask = 2147483647;
			files = (
			);
			runOnlyForDeploymentPostprocessing = 0;
		};
		3CF51A851CC1BF3B00D70AB0 /* Frameworks */ = {
			isa = PBXFrameworksBuildPhase;
			buildActionMask = 2147483647;
			files = (
			);
			runOnlyForDeploymentPostprocessing = 0;
		};
		3CF51A901CC1BF3B00D70AB0 /* Frameworks */ = {
			isa = PBXFrameworksBuildPhase;
			buildActionMask = 2147483647;
			files = (
			);
			runOnlyForDeploymentPostprocessing = 0;
		};
/* End PBXFrameworksBuildPhase section */

/* Begin PBXGroup section */
		3CF51A661CC1BF3A00D70AB0 = {
			isa = PBXGroup;
			children = (
				3CF51A711CC1BF3A00D70AB0 /* MRStatusBarHUDExample */,
				3CF51A8B1CC1BF3B00D70AB0 /* MRStatusBarHUDExampleTests */,
				3CF51A961CC1BF3B00D70AB0 /* MRStatusBarHUDExampleUITests */,
				3CF51A701CC1BF3A00D70AB0 /* Products */,
			);
			sourceTree = "<group>";
		};
		3CF51A701CC1BF3A00D70AB0 /* Products */ = {
			isa = PBXGroup;
			children = (
				3CF51A6F1CC1BF3A00D70AB0 /* MRStatusBarHUDExample.app */,
				3CF51A881CC1BF3B00D70AB0 /* MRStatusBarHUDExampleTests.xctest */,
				3CF51A931CC1BF3B00D70AB0 /* MRStatusBarHUDExampleUITests.xctest */,
			);
			name = Products;
			sourceTree = "<group>";
		};
		3CF51A711CC1BF3A00D70AB0 /* MRStatusBarHUDExample */ = {
			isa = PBXGroup;
			children = (
				3CF51AA51CC1BF5700D70AB0 /* MRStatusBarHUD */,
				3CF51A751CC1BF3A00D70AB0 /* AppDelegate.h */,
				3CF51A761CC1BF3A00D70AB0 /* AppDelegate.m */,
				3CF51A781CC1BF3A00D70AB0 /* ViewController.h */,
				3CF51A791CC1BF3A00D70AB0 /* ViewController.m */,
				3CF51A7B1CC1BF3A00D70AB0 /* Main.storyboard */,
				3CF51A7E1CC1BF3A00D70AB0 /* Assets.xcassets */,
				3CF51A801CC1BF3A00D70AB0 /* LaunchScreen.storyboard */,
				3CF51A831CC1BF3A00D70AB0 /* Info.plist */,
				3CF51A721CC1BF3A00D70AB0 /* Supporting Files */,
			);
			path = MRStatusBarHUDExample;
			sourceTree = "<group>";
		};
		3CF51A721CC1BF3A00D70AB0 /* Supporting Files */ = {
			isa = PBXGroup;
			children = (
				3CF51A731CC1BF3A00D70AB0 /* main.m */,
			);
			name = "Supporting Files";
			sourceTree = "<group>";
		};
		3CF51A8B1CC1BF3B00D70AB0 /* MRStatusBarHUDExampleTests */ = {
			isa = PBXGroup;
			children = (
				3CF51A8C1CC1BF3B00D70AB0 /* MRStatusBarHUDExampleTests.m */,
				3CF51A8E1CC1BF3B00D70AB0 /* Info.plist */,
			);
			path = MRStatusBarHUDExampleTests;
			sourceTree = "<group>";
		};
		3CF51A961CC1BF3B00D70AB0 /* MRStatusBarHUDExampleUITests */ = {
			isa = PBXGroup;
			children = (
				3CF51A971CC1BF3B00D70AB0 /* MRStatusBarHUDExampleUITests.m */,
				3CF51A991CC1BF3B00D70AB0 /* Info.plist */,
			);
			path = MRStatusBarHUDExampleUITests;
			sourceTree = "<group>";
		};
		3CF51AA51CC1BF5700D70AB0 /* MRStatusBarHUD */ = {
			isa = PBXGroup;
			children = (
				3CF51AA61CC1BF5700D70AB0 /* MRStatusBarHUD.bundle */,
				3CF51AA71CC1BF5700D70AB0 /* MRStatusBarHUD.h */,
				3CF51AA81CC1BF5700D70AB0 /* MRStatusBarHUD.m */,
			);
			name = MRStatusBarHUD;
			path = ../../MRStatusBarHUD;
			sourceTree = "<group>";
		};
/* End PBXGroup section */

/* Begin PBXNativeTarget section */
		3CF51A6E1CC1BF3A00D70AB0 /* MRStatusBarHUDExample */ = {
			isa = PBXNativeTarget;
			buildConfigurationList = 3CF51A9C1CC1BF3B00D70AB0 /* Build configuration list for PBXNativeTarget "MRStatusBarHUDExample" */;
			buildPhases = (
				3CF51A6B1CC1BF3A00D70AB0 /* Sources */,
				3CF51A6C1CC1BF3A00D70AB0 /* Frameworks */,
				3CF51A6D1CC1BF3A00D70AB0 /* Resources */,
			);
			buildRules = (
			);
			dependencies = (
			);
			name = MRStatusBarHUDExample;
			productName = MRStatusBarHUDExample;
			productReference = 3CF51A6F1CC1BF3A00D70AB0 /* MRStatusBarHUDExample.app */;
			productType = "com.apple.product-type.application";
		};
		3CF51A871CC1BF3B00D70AB0 /* MRStatusBarHUDExampleTests */ = {
			isa = PBXNativeTarget;
			buildConfigurationList = 3CF51A9F1CC1BF3B00D70AB0 /* Build configuration list for PBXNativeTarget "MRStatusBarHUDExampleTests" */;
			buildPhases = (
				3CF51A841CC1BF3B00D70AB0 /* Sources */,
				3CF51A851CC1BF3B00D70AB0 /* Frameworks */,
				3CF51A861CC1BF3B00D70AB0 /* Resources */,
			);
			buildRules = (
			);
			dependencies = (
				3CF51A8A1CC1BF3B00D70AB0 /* PBXTargetDependency */,
			);
			name = MRStatusBarHUDExampleTests;
			productName = MRStatusBarHUDExampleTests;
			productReference = 3CF51A881CC1BF3B00D70AB0 /* MRStatusBarHUDExampleTests.xctest */;
			productType = "com.apple.product-type.bundle.unit-test";
		};
		3CF51A921CC1BF3B00D70AB0 /* MRStatusBarHUDExampleUITests */ = {
			isa = PBXNativeTarget;
			buildConfigurationList = 3CF51AA21CC1BF3B00D70AB0 /* Build configuration list for PBXNativeTarget "MRStatusBarHUDExampleUITests" */;
			buildPhases = (
				3CF51A8F1CC1BF3B00D70AB0 /* Sources */,
				3CF51A901CC1BF3B00D70AB0 /* Frameworks */,
				3CF51A911CC1BF3B00D70AB0 /* Resources */,
			);
			buildRules = (
			);
			dependencies = (
				3CF51A951CC1BF3B00D70AB0 /* PBXTargetDependency */,
			);
			name = MRStatusBarHUDExampleUITests;
			productName = MRStatusBarHUDExampleUITests;
			productReference = 3CF51A931CC1BF3B00D70AB0 /* MRStatusBarHUDExampleUITests.xctest */;
			productType = "com.apple.product-type.bundle.ui-testing";
		};
/* End PBXNativeTarget section */

/* Begin PBXProject section */
		3CF51A671CC1BF3A00D70AB0 /* Project object */ = {
			isa = PBXProject;
			attributes = {
				LastUpgradeCheck = 0730;
				ORGANIZATIONNAME = JMR;
				TargetAttributes = {
					3CF51A6E1CC1BF3A00D70AB0 = {
						CreatedOnToolsVersion = 7.3;
					};
					3CF51A871CC1BF3B00D70AB0 = {
						CreatedOnToolsVersion = 7.3;
						TestTargetID = 3CF51A6E1CC1BF3A00D70AB0;
					};
					3CF51A921CC1BF3B00D70AB0 = {
						CreatedOnToolsVersion = 7.3;
						TestTargetID = 3CF51A6E1CC1BF3A00D70AB0;
					};
				};
			};
			buildConfigurationList = 3CF51A6A1CC1BF3A00D70AB0 /* Build configuration list for PBXProject "MRStatusBarHUDExample" */;
			compatibilityVersion = "Xcode 3.2";
			developmentRegion = English;
			hasScannedForEncodings = 0;
			knownRegions = (
				en,
				Base,
			);
			mainGroup = 3CF51A661CC1BF3A00D70AB0;
			productRefGroup = 3CF51A701CC1BF3A00D70AB0 /* Products */;
			projectDirPath = "";
			projectRoot = "";
			targets = (
				3CF51A6E1CC1BF3A00D70AB0 /* MRStatusBarHUDExample */,
				3CF51A871CC1BF3B00D70AB0 /* MRStatusBarHUDExampleTests */,
				3CF51A921CC1BF3B00D70AB0 /* MRStatusBarHUDExampleUITests */,
			);
		};
/* End PBXProject section */

/* Begin PBXResourcesBuildPhase section */
		3CF51A6D1CC1BF3A00D70AB0 /* Resources */ = {
			isa = PBXResourcesBuildPhase;
			buildActionMask = 2147483647;
			files = (
				3CF51A821CC1BF3A00D70AB0 /* LaunchScreen.storyboard in Resources */,
				3CF51A7F1CC1BF3A00D70AB0 /* Assets.xcassets in Resources */,
				3CF51AA91CC1BF5700D70AB0 /* MRStatusBarHUD.bundle in Resources */,
				3CF51A7D1CC1BF3A00D70AB0 /* Main.storyboard in Resources */,
			);
			runOnlyForDeploymentPostprocessing = 0;
		};
		3CF51A861CC1BF3B00D70AB0 /* Resources */ = {
			isa = PBXResourcesBuildPhase;
			buildActionMask = 2147483647;
			files = (
			);
			runOnlyForDeploymentPostprocessing = 0;
		};
		3CF51A911CC1BF3B00D70AB0 /* Resources */ = {
			isa = PBXResourcesBuildPhase;
			buildActionMask = 2147483647;
			files = (
			);
			runOnlyForDeploymentPostprocessing = 0;
		};
/* End PBXResourcesBuildPhase section */

/* Begin PBXSourcesBuildPhase section */
		3CF51A6B1CC1BF3A00D70AB0 /* Sources */ = {
			isa = PBXSourcesBuildPhase;
			buildActionMask = 2147483647;
			files = (
				3CF51AAA1CC1BF5700D70AB0 /* MRStatusBarHUD.m in Sources */,
				3CF51A7A1CC1BF3A00D70AB0 /* ViewController.m in Sources */,
				3CF51A771CC1BF3A00D70AB0 /* AppDelegate.m in Sources */,
				3CF51A741CC1BF3A00D70AB0 /* main.m in Sources */,
			);
			runOnlyForDeploymentPostprocessing = 0;
		};
		3CF51A841CC1BF3B00D70AB0 /* Sources */ = {
			isa = PBXSourcesBuildPhase;
			buildActionMask = 2147483647;
			files = (
				3CF51A8D1CC1BF3B00D70AB0 /* MRStatusBarHUDExampleTests.m in Sources */,
			);
			runOnlyForDeploymentPostprocessing = 0;
		};
		3CF51A8F1CC1BF3B00D70AB0 /* Sources */ = {
			isa = PBXSourcesBuildPhase;
			buildActionMask = 2147483647;
			files = (
				3CF51A981CC1BF3B00D70AB0 /* MRStatusBarHUDExampleUITests.m in Sources */,
			);
			runOnlyForDeploymentPostprocessing = 0;
		};
/* End PBXSourcesBuildPhase section */

/* Begin PBXTargetDependency section */
		3CF51A8A1CC1BF3B00D70AB0 /* PBXTargetDependency */ = {
			isa = PBXTargetDependency;
			target = 3CF51A6E1CC1BF3A00D70AB0 /* MRStatusBarHUDExample */;
			targetProxy = 3CF51A891CC1BF3B00D70AB0 /* PBXContainerItemProxy */;
		};
		3CF51A951CC1BF3B00D70AB0 /* PBXTargetDependency */ = {
			isa = PBXTargetDependency;
			target = 3CF51A6E1CC1BF3A00D70AB0 /* MRStatusBarHUDExample */;
			targetProxy = 3CF51A941CC1BF3B00D70AB0 /* PBXContainerItemProxy */;
		};
/* End PBXTargetDependency section */

/* Begin PBXVariantGroup section */
		3CF51A7B1CC1BF3A00D70AB0 /* Main.storyboard */ = {
			isa = PBXVariantGroup;
			children = (
				3CF51A7C1CC1BF3A00D70AB0 /* Base */,
			);
			name = Main.storyboard;
			sourceTree = "<group>";
		};
		3CF51A801CC1BF3A00D70AB0 /* LaunchScreen.storyboard */ = {
			isa = PBXVariantGroup;
			children = (
				3CF51A811CC1BF3A00D70AB0 /* Base */,
			);
			name = LaunchScreen.storyboard;
			sourceTree = "<group>";
		};
/* End PBXVariantGroup section */

/* Begin XCBuildConfiguration section */
		3CF51A9A1CC1BF3B00D70AB0 /* Debug */ = {
			isa = XCBuildConfiguration;
			buildSettings = {
				ALWAYS_SEARCH_USER_PATHS = NO;
				CLANG_ANALYZER_NONNULL = YES;
				CLANG_CXX_LANGUAGE_STANDARD = "gnu++0x";
				CLANG_CXX_LIBRARY = "libc++";
				CLANG_ENABLE_MODULES = YES;
				CLANG_ENABLE_OBJC_ARC = YES;
				CLANG_WARN_BOOL_CONVERSION = YES;
				CLANG_WARN_CONSTANT_CONVERSION = YES;
				CLANG_WARN_DIRECT_OBJC_ISA_USAGE = YES_ERROR;
				CLANG_WARN_EMPTY_BODY = YES;
				CLANG_WARN_ENUM_CONVERSION = YES;
				CLANG_WARN_INT_CONVERSION = YES;
				CLANG_WARN_OBJC_ROOT_CLASS = YES_ERROR;
				CLANG_WARN_UNREACHABLE_CODE = YES;
				CLANG_WARN__DUPLICATE_METHOD_MATCH = YES;
				"CODE_SIGN_IDENTITY[sdk=iphoneos*]" = "iPhone Developer";
				COPY_PHASE_STRIP = NO;
				DEBUG_INFORMATION_FORMAT = dwarf;
				ENABLE_STRICT_OBJC_MSGSEND = YES;
				ENABLE_TESTABILITY = YES;
				GCC_C_LANGUAGE_STANDARD = gnu99;
				GCC_DYNAMIC_NO_PIC = NO;
				GCC_NO_COMMON_BLOCKS = YES;
				GCC_OPTIMIZATION_LEVEL = 0;
				GCC_PREPROCESSOR_DEFINITIONS = (
					"DEBUG=1",
					"$(inherited)",
				);
				GCC_WARN_64_TO_32_BIT_CONVERSION = YES;
				GCC_WARN_ABOUT_RETURN_TYPE = YES_ERROR;
				GCC_WARN_UNDECLARED_SELECTOR = YES;
				GCC_WARN_UNINITIALIZED_AUTOS = YES_AGGRESSIVE;
				GCC_WARN_UNUSED_FUNCTION = YES;
				GCC_WARN_UNUSED_VARIABLE = YES;
				IPHONEOS_DEPLOYMENT_TARGET = 9.3;
				MTL_ENABLE_DEBUG_INFO = YES;
				ONLY_ACTIVE_ARCH = YES;
				SDKROOT = iphoneos;
				TARGETED_DEVICE_FAMILY = "1,2";
			};
			name = Debug;
		};
		3CF51A9B1CC1BF3B00D70AB0 /* Release */ = {
			isa = XCBuildConfiguration;
			buildSettings = {
				ALWAYS_SEARCH_USER_PATHS = NO;
				CLANG_ANALYZER_NONNULL = YES;
				CLANG_CXX_LANGUAGE_STANDARD = "gnu++0x";
				CLANG_CXX_LIBRARY = "libc++";
				CLANG_ENABLE_MODULES = YES;
				CLANG_ENABLE_OBJC_ARC = YES;
				CLANG_WARN_BOOL_CONVERSION = YES;
				CLANG_WARN_CONSTANT_CONVERSION = YES;
				CLANG_WARN_DIRECT_OBJC_ISA_USAGE = YES_ERROR;
				CLANG_WARN_EMPTY_BODY = YES;
				CLANG_WARN_ENUM_CONVERSION = YES;
				CLANG_WARN_INT_CONVERSION = YES;
				CLANG_WARN_OBJC_ROOT_CLASS = YES_ERROR;
				CLANG_WARN_UNREACHABLE_CODE = YES;
				CLANG_WARN__DUPLICATE_METHOD_MATCH = YES;
				"CODE_SIGN_IDENTITY[sdk=iphoneos*]" = "iPhone Developer";
				COPY_PHASE_STRIP = NO;
				DEBUG_INFORMATION_FORMAT = "dwarf-with-dsym";
				ENABLE_NS_ASSERTIONS = NO;
				ENABLE_STRICT_OBJC_MSGSEND = YES;
				GCC_C_LANGUAGE_STANDARD = gnu99;
				GCC_NO_COMMON_BLOCKS = YES;
				GCC_WARN_64_TO_32_BIT_CONVERSION = YES;
				GCC_WARN_ABOUT_RETURN_TYPE = YES_ERROR;
				GCC_WARN_UNDECLARED_SELECTOR = YES;
				GCC_WARN_UNINITIALIZED_AUTOS = YES_AGGRESSIVE;
				GCC_WARN_UNUSED_FUNCTION = YES;
				GCC_WARN_UNUSED_VARIABLE = YES;
				IPHONEOS_DEPLOYMENT_TARGET = 9.3;
				MTL_ENABLE_DEBUG_INFO = NO;
				SDKROOT = iphoneos;
				TARGETED_DEVICE_FAMILY = "1,2";
				VALIDATE_PRODUCT = YES;
			};
			name = Release;
		};
		3CF51A9D1CC1BF3B00D70AB0 /* Debug */ = {
			isa = XCBuildConfiguration;
			buildSettings = {
				ASSETCATALOG_COMPILER_APPICON_NAME = AppIcon;
				INFOPLIST_FILE = MRStatusBarHUDExample/Info.plist;
				LD_RUNPATH_SEARCH_PATHS = "$(inherited) @executable_path/Frameworks";
				PRODUCT_BUNDLE_IDENTIFIER = com.jmr.www.MRStatusBarHUDExample;
				PRODUCT_NAME = "$(TARGET_NAME)";
			};
			name = Debug;
		};
		3CF51A9E1CC1BF3B00D70AB0 /* Release */ = {
			isa = XCBuildConfiguration;
			buildSettings = {
				ASSETCATALOG_COMPILER_APPICON_NAME = AppIcon;
				INFOPLIST_FILE = MRStatusBarHUDExample/Info.plist;
				LD_RUNPATH_SEARCH_PATHS = "$(inherited) @executable_path/Frameworks";
				PRODUCT_BUNDLE_IDENTIFIER = com.jmr.www.MRStatusBarHUDExample;
				PRODUCT_NAME = "$(TARGET_NAME)";
			};
			name = Release;
		};
		3CF51AA01CC1BF3B00D70AB0 /* Debug */ = {
			isa = XCBuildConfiguration;
			buildSettings = {
				BUNDLE_LOADER = "$(TEST_HOST)";
				INFOPLIST_FILE = MRStatusBarHUDExampleTests/Info.plist;
				LD_RUNPATH_SEARCH_PATHS = "$(inherited) @executable_path/Frameworks @loader_path/Frameworks";
				PRODUCT_BUNDLE_IDENTIFIER = com.jmr.www.MRStatusBarHUDExampleTests;
				PRODUCT_NAME = "$(TARGET_NAME)";
				TEST_HOST = "$(BUILT_PRODUCTS_DIR)/MRStatusBarHUDExample.app/MRStatusBarHUDExample";
			};
			name = Debug;
		};
		3CF51AA11CC1BF3B00D70AB0 /* Release */ = {
			isa = XCBuildConfiguration;
			buildSettings = {
				BUNDLE_LOADER = "$(TEST_HOST)";
				INFOPLIST_FILE = MRStatusBarHUDExampleTests/Info.plist;
				LD_RUNPATH_SEARCH_PATHS = "$(inherited) @executable_path/Frameworks @loader_path/Frameworks";
				PRODUCT_BUNDLE_IDENTIFIER = com.jmr.www.MRStatusBarHUDExampleTests;
				PRODUCT_NAME = "$(TARGET_NAME)";
				TEST_HOST = "$(BUILT_PRODUCTS_DIR)/MRStatusBarHUDExample.app/MRStatusBarHUDExample";
			};
			name = Release;
		};
		3CF51AA31CC1BF3B00D70AB0 /* Debug */ = {
			isa = XCBuildConfiguration;
			buildSettings = {
				INFOPLIST_FILE = MRStatusBarHUDExampleUITests/Info.plist;
				LD_RUNPATH_SEARCH_PATHS = "$(inherited) @executable_path/Frameworks @loader_path/Frameworks";
				PRODUCT_BUNDLE_IDENTIFIER = com.jmr.www.MRStatusBarHUDExampleUITests;
				PRODUCT_NAME = "$(TARGET_NAME)";
				TEST_TARGET_NAME = MRStatusBarHUDExample;
			};
			name = Debug;
		};
		3CF51AA41CC1BF3B00D70AB0 /* Release */ = {
			isa = XCBuildConfiguration;
			buildSettings = {
				INFOPLIST_FILE = MRStatusBarHUDExampleUITests/Info.plist;
				LD_RUNPATH_SEARCH_PATHS = "$(inherited) @executable_path/Frameworks @loader_path/Frameworks";
				PRODUCT_BUNDLE_IDENTIFIER = com.jmr.www.MRStatusBarHUDExampleUITests;
				PRODUCT_NAME = "$(TARGET_NAME)";
				TEST_TARGET_NAME = MRStatusBarHUDExample;
			};
			name = Release;
		};
/* End XCBuildConfiguration section */

/* Begin XCConfigurationList section */
		3CF51A6A1CC1BF3A00D70AB0 /* Build configuration list for PBXProject "MRStatusBarHUDExample" */ = {
			isa = XCConfigurationList;
			buildConfigurations = (
				3CF51A9A1CC1BF3B00D70AB0 /* Debug */,
				3CF51A9B1CC1BF3B00D70AB0 /* Release */,
			);
			defaultConfigurationIsVisible = 0;
			defaultConfigurationName = Release;
		};
		3CF51A9C1CC1BF3B00D70AB0 /* Build configuration list for PBXNativeTarget "MRStatusBarHUDExample" */ = {
			isa = XCConfigurationList;
			buildConfigurations = (
				3CF51A9D1CC1BF3B00D70AB0 /* Debug */,
				3CF51A9E1CC1BF3B00D70AB0 /* Release */,
			);
			defaultConfigurationIsVisible = 0;
		};
		3CF51A9F1CC1BF3B00D70AB0 /* Build configuration list for PBXNativeTarget "MRStatusBarHUDExampleTests" */ = {
			isa = XCConfigurationList;
			buildConfigurations = (
				3CF51AA01CC1BF3B00D70AB0 /* Debug */,
				3CF51AA11CC1BF3B00D70AB0 /* Release */,
			);
			defaultConfigurationIsVisible = 0;
		};
		3CF51AA21CC1BF3B00D70AB0 /* Build configuration list for PBXNativeTarget "MRStatusBarHUDExampleUITests" */ = {
			isa = XCConfigurationList;
			buildConfigurations = (
				3CF51AA31CC1BF3B00D70AB0 /* Debug */,
				3CF51AA41CC1BF3B00D70AB0 /* Release */,
			);
			defaultConfigurationIsVisible = 0;
		};
/* End XCConfigurationList section */
	};
	rootObject = 3CF51A671CC1BF3A00D70AB0 /* Project object */;
}
